
Microsoft Visual Studio Solution File, Format Version 12.00
# Visual Studio Version 16
VisualStudioVersion = 16.0.29209.62
MinimumVisualStudioVersion = 10.0.40219.1
Project("{FAE04EC0-301F-11D3-BF4B-00C04F79EFBC}") = "introPOO", "introPOO\introPOO.csproj", "{5DB42BCE-6E69-4143-A4A7-F4316805F334}"
EndProject
Global
	GlobalSection(SolutionConfigurationPlatforms) = preSolution
		Debug|Any CPU = Debug|Any CPU
		Release|Any CPU = Release|Any CPU
	EndGlobalSection
	GlobalSection(ProjectConfigurationPlatforms) = postSolution
		{5DB42BCE-6E69-4143-A4A7-F4316805F334}.Debug|Any CPU.ActiveCfg = Debug|Any CPU
		{5DB42BCE-6E69-4143-A4A7-F4316805F334}.Debug|Any CPU.Build.0 = Debug|Any CPU
		{5DB42BCE-6E69-4143-A4A7-F4316805F334}.Release|Any CPU.ActiveCfg = Release|Any CPU
		{5DB42BCE-6E69-4143-A4A7-F4316805F334}.Release|Any CPU.Build.0 = Release|Any CPU
	EndGlobalSection
	GlobalSection(SolutionProperties) = preSolution
		HideSolutionNode = FALSE
	EndGlobalSection
	GlobalSection(ExtensibilityGlobals) = postSolution
		SolutionGuid = {670850B9-52C5-496F-984C-90A6ECFF362F}
	EndGlobalSection
EndGlobal
