
Microsoft Visual Studio Solution File, Format Version 12.00
# Visual Studio Version 16
VisualStudioVersion = 16.0.29215.179
MinimumVisualStudioVersion = 10.0.40219.1
Project("{FAE04EC0-301F-11D3-BF4B-00C04F79EFBC}") = "BancoDeMentira", "BancoDeMentira.csproj", "{18BA91CC-5B89-4C67-AE00-1BC65D43ECB4}"
EndProject
Global
	GlobalSection(SolutionConfigurationPlatforms) = preSolution
		Debug|Any CPU = Debug|Any CPU
		Release|Any CPU = Release|Any CPU
	EndGlobalSection
	GlobalSection(ProjectConfigurationPlatforms) = postSolution
		{18BA91CC-5B89-4C67-AE00-1BC65D43ECB4}.Debug|Any CPU.ActiveCfg = Debug|Any CPU
		{18BA91CC-5B89-4C67-AE00-1BC65D43ECB4}.Debug|Any CPU.Build.0 = Debug|Any CPU
		{18BA91CC-5B89-4C67-AE00-1BC65D43ECB4}.Release|Any CPU.ActiveCfg = Release|Any CPU
		{18BA91CC-5B89-4C67-AE00-1BC65D43ECB4}.Release|Any CPU.Build.0 = Release|Any CPU
	EndGlobalSection
	GlobalSection(SolutionProperties) = preSolution
		HideSolutionNode = FALSE
	EndGlobalSection
	GlobalSection(ExtensibilityGlobals) = postSolution
		SolutionGuid = {BEB02178-CC1D-4C0F-8D53-A5A0AB8D8424}
	EndGlobalSection
EndGlobal
